
Microsoft Visual Studio Solution File, Format Version 12.00
# Visual Studio Version 16
VisualStudioVersion = 16.0.31105.61
MinimumVisualStudioVersion = 10.0.40219.1
Project("{FAE04EC0-301F-11D3-BF4B-00C04F79EFBC}") = "01_TypesAndVariables", "01_TypesAndVariables\01_TypesAndVariables.csproj", "{62AE68B6-B550-4B7F-BE92-65C3C4179F84}"
EndProject
Project("{FAE04EC0-301F-11D3-BF4B-00C04F79EFBC}") = "02_Operators", "02_Operators\02_Operators.csproj", "{5D4A6424-6514-490D-9E71-1A2F181C5F9E}"
EndProject
Project("{FAE04EC0-301F-11D3-BF4B-00C04F79EFBC}") = "03_Conditionals", "03_Conditionals\03_Conditionals.csproj", "{3836E205-B472-436F-9C00-73F7DCA951DD}"
EndProject
Project("{FAE04EC0-301F-11D3-BF4B-00C04F79EFBC}") = "04_Loops", "04_Loops\04_Loops.csproj", "{16C16712-0C1C-4BBF-B578-2027D1177AA5}"
EndProject
Project("{FAE04EC0-301F-11D3-BF4B-00C04F79EFBC}") = "05_Classes", "05_Classes\05_Classes.csproj", "{AE76197B-290C-4AEE-9A28-82E3A87FBCC4}"
EndProject
Project("{FAE04EC0-301F-11D3-BF4B-00C04F79EFBC}") = "06_Inheritance", "06_Inheritance\06_Inheritance.csproj", "{6912895D-52C4-46B8-A47A-15F1EAF09AD1}"
EndProject
Project("{FAE04EC0-301F-11D3-BF4B-00C04F79EFBC}") = "07_StreamingContent_Tests", "07_StreamingContent_Tests\07_StreamingContent_Tests.csproj", "{2F359EF0-CC32-4F39-B658-FA4A17005095}"
EndProject
Project("{FAE04EC0-301F-11D3-BF4B-00C04F79EFBC}") = "07_StreamingContent_Console", "07_StreamingContent_Console\07_StreamingContent_Console.csproj", "{0181577F-F936-4EAF-B8C1-759331CC0BBB}"
EndProject
Project("{FAE04EC0-301F-11D3-BF4B-00C04F79EFBC}") = "07_StreamingContent_Repository", "07_StreamingContent_Repository\07_StreamingContent_Repository.csproj", "{7E0D1217-C9C5-41A4-93A8-96DA78D28F81}"
EndProject
Project("{FAE04EC0-301F-11D3-BF4B-00C04F79EFBC}") = "08_Interfaces", "08_Interfaces\08_Interfaces.csproj", "{8524373D-0FAC-472E-8410-0932ED91DA47}"
EndProject
Project("{FAE04EC0-301F-11D3-BF4B-00C04F79EFBC}") = "09_StreamingContent_UIRefactor", "09_StreamingContent_UIRefactor\09_StreamingContent_UIRefactor.csproj", "{F711B4C9-84C1-4698-9764-E1E92981B2CD}"
EndProject
Project("{FAE04EC0-301F-11D3-BF4B-00C04F79EFBC}") = "10_Async", "10_Async\10_Async.csproj", "{9B81C95F-A1BD-4312-8E1B-11722B0323A1}"
EndProject
Project("{FAE04EC0-301F-11D3-BF4B-00C04F79EFBC}") = "11_APIs", "11_APIs\11_APIs.csproj", "{2F02E760-9142-44C5-9362-186E4D28FBBF}"
EndProject
Global
	GlobalSection(SolutionConfigurationPlatforms) = preSolution
		Debug|Any CPU = Debug|Any CPU
		Release|Any CPU = Release|Any CPU
	EndGlobalSection
	GlobalSection(ProjectConfigurationPlatforms) = postSolution
		{62AE68B6-B550-4B7F-BE92-65C3C4179F84}.Debug|Any CPU.ActiveCfg = Debug|Any CPU
		{62AE68B6-B550-4B7F-BE92-65C3C4179F84}.Debug|Any CPU.Build.0 = Debug|Any CPU
		{62AE68B6-B550-4B7F-BE92-65C3C4179F84}.Release|Any CPU.ActiveCfg = Release|Any CPU
		{62AE68B6-B550-4B7F-BE92-65C3C4179F84}.Release|Any CPU.Build.0 = Release|Any CPU
		{5D4A6424-6514-490D-9E71-1A2F181C5F9E}.Debug|Any CPU.ActiveCfg = Debug|Any CPU
		{5D4A6424-6514-490D-9E71-1A2F181C5F9E}.Debug|Any CPU.Build.0 = Debug|Any CPU
		{5D4A6424-6514-490D-9E71-1A2F181C5F9E}.Release|Any CPU.ActiveCfg = Release|Any CPU
		{5D4A6424-6514-490D-9E71-1A2F181C5F9E}.Release|Any CPU.Build.0 = Release|Any CPU
		{3836E205-B472-436F-9C00-73F7DCA951DD}.Debug|Any CPU.ActiveCfg = Debug|Any CPU
		{3836E205-B472-436F-9C00-73F7DCA951DD}.Debug|Any CPU.Build.0 = Debug|Any CPU
		{3836E205-B472-436F-9C00-73F7DCA951DD}.Release|Any CPU.ActiveCfg = Release|Any CPU
		{3836E205-B472-436F-9C00-73F7DCA951DD}.Release|Any CPU.Build.0 = Release|Any CPU
		{16C16712-0C1C-4BBF-B578-2027D1177AA5}.Debug|Any CPU.ActiveCfg = Debug|Any CPU
		{16C16712-0C1C-4BBF-B578-2027D1177AA5}.Debug|Any CPU.Build.0 = Debug|Any CPU
		{16C16712-0C1C-4BBF-B578-2027D1177AA5}.Release|Any CPU.ActiveCfg = Release|Any CPU
		{16C16712-0C1C-4BBF-B578-2027D1177AA5}.Release|Any CPU.Build.0 = Release|Any CPU
		{AE76197B-290C-4AEE-9A28-82E3A87FBCC4}.Debug|Any CPU.ActiveCfg = Debug|Any CPU
		{AE76197B-290C-4AEE-9A28-82E3A87FBCC4}.Debug|Any CPU.Build.0 = Debug|Any CPU
		{AE76197B-290C-4AEE-9A28-82E3A87FBCC4}.Release|Any CPU.ActiveCfg = Release|Any CPU
		{AE76197B-290C-4AEE-9A28-82E3A87FBCC4}.Release|Any CPU.Build.0 = Release|Any CPU
		{6912895D-52C4-46B8-A47A-15F1EAF09AD1}.Debug|Any CPU.ActiveCfg = Debug|Any CPU
		{6912895D-52C4-46B8-A47A-15F1EAF09AD1}.Debug|Any CPU.Build.0 = Debug|Any CPU
		{6912895D-52C4-46B8-A47A-15F1EAF09AD1}.Release|Any CPU.ActiveCfg = Release|Any CPU
		{6912895D-52C4-46B8-A47A-15F1EAF09AD1}.Release|Any CPU.Build.0 = Release|Any CPU
		{2F359EF0-CC32-4F39-B658-FA4A17005095}.Debug|Any CPU.ActiveCfg = Debug|Any CPU
		{2F359EF0-CC32-4F39-B658-FA4A17005095}.Debug|Any CPU.Build.0 = Debug|Any CPU
		{2F359EF0-CC32-4F39-B658-FA4A17005095}.Release|Any CPU.ActiveCfg = Release|Any CPU
		{2F359EF0-CC32-4F39-B658-FA4A17005095}.Release|Any CPU.Build.0 = Release|Any CPU
		{0181577F-F936-4EAF-B8C1-759331CC0BBB}.Debug|Any CPU.ActiveCfg = Debug|Any CPU
		{0181577F-F936-4EAF-B8C1-759331CC0BBB}.Debug|Any CPU.Build.0 = Debug|Any CPU
		{0181577F-F936-4EAF-B8C1-759331CC0BBB}.Release|Any CPU.ActiveCfg = Release|Any CPU
		{0181577F-F936-4EAF-B8C1-759331CC0BBB}.Release|Any CPU.Build.0 = Release|Any CPU
		{7E0D1217-C9C5-41A4-93A8-96DA78D28F81}.Debug|Any CPU.ActiveCfg = Debug|Any CPU
		{7E0D1217-C9C5-41A4-93A8-96DA78D28F81}.Debug|Any CPU.Build.0 = Debug|Any CPU
		{7E0D1217-C9C5-41A4-93A8-96DA78D28F81}.Release|Any CPU.ActiveCfg = Release|Any CPU
		{7E0D1217-C9C5-41A4-93A8-96DA78D28F81}.Release|Any CPU.Build.0 = Release|Any CPU
		{8524373D-0FAC-472E-8410-0932ED91DA47}.Debug|Any CPU.ActiveCfg = Debug|Any CPU
		{8524373D-0FAC-472E-8410-0932ED91DA47}.Debug|Any CPU.Build.0 = Debug|Any CPU
		{8524373D-0FAC-472E-8410-0932ED91DA47}.Release|Any CPU.ActiveCfg = Release|Any CPU
		{8524373D-0FAC-472E-8410-0932ED91DA47}.Release|Any CPU.Build.0 = Release|Any CPU
		{F711B4C9-84C1-4698-9764-E1E92981B2CD}.Debug|Any CPU.ActiveCfg = Debug|Any CPU
		{F711B4C9-84C1-4698-9764-E1E92981B2CD}.Debug|Any CPU.Build.0 = Debug|Any CPU
		{F711B4C9-84C1-4698-9764-E1E92981B2CD}.Release|Any CPU.ActiveCfg = Release|Any CPU
		{F711B4C9-84C1-4698-9764-E1E92981B2CD}.Release|Any CPU.Build.0 = Release|Any CPU
		{9B81C95F-A1BD-4312-8E1B-11722B0323A1}.Debug|Any CPU.ActiveCfg = Debug|Any CPU
		{9B81C95F-A1BD-4312-8E1B-11722B0323A1}.Debug|Any CPU.Build.0 = Debug|Any CPU
		{9B81C95F-A1BD-4312-8E1B-11722B0323A1}.Release|Any CPU.ActiveCfg = Release|Any CPU
		{9B81C95F-A1BD-4312-8E1B-11722B0323A1}.Release|Any CPU.Build.0 = Release|Any CPU
		{2F02E760-9142-44C5-9362-186E4D28FBBF}.Debug|Any CPU.ActiveCfg = Debug|Any CPU
		{2F02E760-9142-44C5-9362-186E4D28FBBF}.Debug|Any CPU.Build.0 = Debug|Any CPU
		{2F02E760-9142-44C5-9362-186E4D28FBBF}.Release|Any CPU.ActiveCfg = Release|Any CPU
		{2F02E760-9142-44C5-9362-186E4D28FBBF}.Release|Any CPU.Build.0 = Release|Any CPU
	EndGlobalSection
	GlobalSection(SolutionProperties) = preSolution
		HideSolutionNode = FALSE
	EndGlobalSection
	GlobalSection(ExtensibilityGlobals) = postSolution
		SolutionGuid = {811384FB-1519-4BC4-A291-F484B8FFB09D}
	EndGlobalSection
EndGlobal
